
Microsoft Visual Studio Solution File, Format Version 12.00
# Visual Studio Version 16
VisualStudioVersion = 16.0.29001.49
MinimumVisualStudioVersion = 10.0.40219.1
Project("{FAE04EC0-301F-11D3-BF4B-00C04F79EFBC}") = "SentimentAnalysis1", "SentimentAnalysis1\SentimentAnalysis1.csproj", "{0D85A417-126D-4643-B0C6-FE22A346A44F}"
EndProject
Global
	GlobalSection(SolutionConfigurationPlatforms) = preSolution
		Debug|Any CPU = Debug|Any CPU
		Release|Any CPU = Release|Any CPU
	EndGlobalSection
	GlobalSection(ProjectConfigurationPlatforms) = postSolution
		{0D85A417-126D-4643-B0C6-FE22A346A44F}.Debug|Any CPU.ActiveCfg = Debug|Any CPU
		{0D85A417-126D-4643-B0C6-FE22A346A44F}.Debug|Any CPU.Build.0 = Debug|Any CPU
		{0D85A417-126D-4643-B0C6-FE22A346A44F}.Release|Any CPU.ActiveCfg = Release|Any CPU
		{0D85A417-126D-4643-B0C6-FE22A346A44F}.Release|Any CPU.Build.0 = Release|Any CPU
	EndGlobalSection
	GlobalSection(SolutionProperties) = preSolution
		HideSolutionNode = FALSE
	EndGlobalSection
	GlobalSection(ExtensibilityGlobals) = postSolution
		SolutionGuid = {A4D6F30D-5E51-42AE-A490-655EC5FA7217}
	EndGlobalSection
EndGlobal
